// !$*UTF8*$!
{
	archiveVersion = 1;
	classes = {
	};
	objectVersion = 55;
	objects = {

/* Begin PBXBuildFile section */
		6D0EEEB42A49316E000248A7 /* AppDelegate.swift in Sources */ = {isa = PBXBuildFile; fileRef = 6D0EEEB32A49316E000248A7 /* AppDelegate.swift */; };
		6D0EEEB62A49316E000248A7 /* SceneDelegate.swift in Sources */ = {isa = PBXBuildFile; fileRef = 6D0EEEB52A49316E000248A7 /* SceneDelegate.swift */; };
		6D0EEEB82A49316E000248A7 /* ViewController.swift in Sources */ = {isa = PBXBuildFile; fileRef = 6D0EEEB72A49316E000248A7 /* ViewController.swift */; };
		6D0EEEBE2A49316E000248A7 /* BiwaAn.xcdatamodeld in Sources */ = {isa = PBXBuildFile; fileRef = 6D0EEEBC2A49316E000248A7 /* BiwaAn.xcdatamodeld */; };
		6D0EEEC02A493172000248A7 /* Assets.xcassets in Resources */ = {isa = PBXBuildFile; fileRef = 6D0EEEBF2A493172000248A7 /* Assets.xcassets */; };
		6D0EEEC32A493172000248A7 /* LaunchScreen.storyboard in Resources */ = {isa = PBXBuildFile; fileRef = 6D0EEEC12A493172000248A7 /* LaunchScreen.storyboard */; };
		6D0EEECD2A493204000248A7 /* LoginViewController.swift in Sources */ = {isa = PBXBuildFile; fileRef = 6D0EEECB2A493204000248A7 /* LoginViewController.swift */; };
		6D0EEECE2A493204000248A7 /* LoginViewController.xib in Resources */ = {isa = PBXBuildFile; fileRef = 6D0EEECC2A493204000248A7 /* LoginViewController.xib */; };
		6D27C55C2A4B27CD00360C82 /* ProfileViewController.swift in Sources */ = {isa = PBXBuildFile; fileRef = 6D27C55A2A4B27CD00360C82 /* ProfileViewController.swift */; };
		6D27C55D2A4B27CD00360C82 /* ProfileViewController.xib in Resources */ = {isa = PBXBuildFile; fileRef = 6D27C55B2A4B27CD00360C82 /* ProfileViewController.xib */; };
		6D27C5662A4B286F00360C82 /* CartViewController.swift in Sources */ = {isa = PBXBuildFile; fileRef = 6D27C5642A4B286F00360C82 /* CartViewController.swift */; };
		6D27C5672A4B286F00360C82 /* CartViewController.xib in Resources */ = {isa = PBXBuildFile; fileRef = 6D27C5652A4B286F00360C82 /* CartViewController.xib */; };
		6D51E2ED2A4C98C100CD53AE /* DiscounViewController.swift in Sources */ = {isa = PBXBuildFile; fileRef = 6D51E2EB2A4C98C100CD53AE /* DiscounViewController.swift */; };
		6D51E2EE2A4C98C100CD53AE /* DiscounViewController.xib in Resources */ = {isa = PBXBuildFile; fileRef = 6D51E2EC2A4C98C100CD53AE /* DiscounViewController.xib */; };
		6D51E2F22A4CA25800CD53AE /* DiscountTableViewCell.swift in Sources */ = {isa = PBXBuildFile; fileRef = 6D51E2F02A4CA25800CD53AE /* DiscountTableViewCell.swift */; };
		6D51E2F32A4CA25800CD53AE /* DiscountTableViewCell.xib in Resources */ = {isa = PBXBuildFile; fileRef = 6D51E2F12A4CA25800CD53AE /* DiscountTableViewCell.xib */; };
		6D51E2F72A4CA88C00CD53AE /* AddressViewController.swift in Sources */ = {isa = PBXBuildFile; fileRef = 6D51E2F52A4CA88C00CD53AE /* AddressViewController.swift */; };
		6D51E2F82A4CA88C00CD53AE /* AddressViewController.xib in Resources */ = {isa = PBXBuildFile; fileRef = 6D51E2F62A4CA88C00CD53AE /* AddressViewController.xib */; };
		6D552B942A497AEE0095BAF8 /* UIImageExtension.swift in Sources */ = {isa = PBXBuildFile; fileRef = 6D552B852A497AED0095BAF8 /* UIImageExtension.swift */; };
		6D552B952A497AEE0095BAF8 /* StringExtension.swift in Sources */ = {isa = PBXBuildFile; fileRef = 6D552B862A497AED0095BAF8 /* StringExtension.swift */; };
		6D552B962A497AEE0095BAF8 /* UINavigationExtension.swift in Sources */ = {isa = PBXBuildFile; fileRef = 6D552B872A497AED0095BAF8 /* UINavigationExtension.swift */; };
		6D552B972A497AEE0095BAF8 /* DropDown.swift in Sources */ = {isa = PBXBuildFile; fileRef = 6D552B882A497AED0095BAF8 /* DropDown.swift */; };
		6D552B982A497AEE0095BAF8 /* UIViewControllerExtension.swift in Sources */ = {isa = PBXBuildFile; fileRef = 6D552B892A497AED0095BAF8 /* UIViewControllerExtension.swift */; };
		6D552B992A497AEE0095BAF8 /* UIViewExtension.swift in Sources */ = {isa = PBXBuildFile; fileRef = 6D552B8A2A497AED0095BAF8 /* UIViewExtension.swift */; };
		6D552B9A2A497AEE0095BAF8 /* UIColorExtension.swift in Sources */ = {isa = PBXBuildFile; fileRef = 6D552B8B2A497AED0095BAF8 /* UIColorExtension.swift */; };
		6D552B9B2A497AEE0095BAF8 /* ViewProtocol.swift in Sources */ = {isa = PBXBuildFile; fileRef = 6D552B8C2A497AED0095BAF8 /* ViewProtocol.swift */; };
		6D552B9C2A497AEE0095BAF8 /* TableViewExtension.swift in Sources */ = {isa = PBXBuildFile; fileRef = 6D552B8D2A497AED0095BAF8 /* TableViewExtension.swift */; };
		6D552B9D2A497AEE0095BAF8 /* UIStoryboardExtension.swift in Sources */ = {isa = PBXBuildFile; fileRef = 6D552B8E2A497AED0095BAF8 /* UIStoryboardExtension.swift */; };
		6D552B9E2A497AEE0095BAF8 /* UITapGestureRecognizer.swift in Sources */ = {isa = PBXBuildFile; fileRef = 6D552B8F2A497AED0095BAF8 /* UITapGestureRecognizer.swift */; };
		6D552B9F2A497AEE0095BAF8 /* NSMutableAttributedString.swift in Sources */ = {isa = PBXBuildFile; fileRef = 6D552B902A497AED0095BAF8 /* NSMutableAttributedString.swift */; };
		6D552BA02A497AEE0095BAF8 /* UIButtonExtension.swift in Sources */ = {isa = PBXBuildFile; fileRef = 6D552B912A497AED0095BAF8 /* UIButtonExtension.swift */; };
		6D552BA12A497AEE0095BAF8 /* UIFontExtension.swift in Sources */ = {isa = PBXBuildFile; fileRef = 6D552B922A497AED0095BAF8 /* UIFontExtension.swift */; };
		6D552BA22A497AEE0095BAF8 /* UIControlExtension.swift in Sources */ = {isa = PBXBuildFile; fileRef = 6D552B932A497AED0095BAF8 /* UIControlExtension.swift */; };
		6D9D93472A497DBE00AEA0F3 /* RegisterViewController.swift in Sources */ = {isa = PBXBuildFile; fileRef = 6D9D93452A497DBE00AEA0F3 /* RegisterViewController.swift */; };
		6D9D93482A497DBE00AEA0F3 /* RegisterViewController.xib in Resources */ = {isa = PBXBuildFile; fileRef = 6D9D93462A497DBE00AEA0F3 /* RegisterViewController.xib */; };
		6D9D934D2A49915F00AEA0F3 /* FogotPassViewController.swift in Sources */ = {isa = PBXBuildFile; fileRef = 6D9D934B2A49915F00AEA0F3 /* FogotPassViewController.swift */; };
		6D9D934E2A49915F00AEA0F3 /* FogotPassViewController.xib in Resources */ = {isa = PBXBuildFile; fileRef = 6D9D934C2A49915F00AEA0F3 /* FogotPassViewController.xib */; };
		6D9D93522A4ABD6D00AEA0F3 /* HomeViewController.swift in Sources */ = {isa = PBXBuildFile; fileRef = 6D9D93502A4ABD6D00AEA0F3 /* HomeViewController.swift */; };
		6D9D93532A4ABD6D00AEA0F3 /* HomeViewController.xib in Resources */ = {isa = PBXBuildFile; fileRef = 6D9D93512A4ABD6D00AEA0F3 /* HomeViewController.xib */; };
		6DD03A432A4BDA8100DEA1E5 /* ProductVariantViewController.swift in Sources */ = {isa = PBXBuildFile; fileRef = 6DD03A412A4BDA8100DEA1E5 /* ProductVariantViewController.swift */; };
		6DD03A442A4BDA8100DEA1E5 /* ProductVariantViewController.xib in Resources */ = {isa = PBXBuildFile; fileRef = 6DD03A422A4BDA8100DEA1E5 /* ProductVariantViewController.xib */; };
		6DD03A482A4BDF1D00DEA1E5 /* ProductVariantCollectionViewCell.swift in Sources */ = {isa = PBXBuildFile; fileRef = 6DD03A462A4BDF1D00DEA1E5 /* ProductVariantCollectionViewCell.swift */; };
		6DD03A492A4BDF1D00DEA1E5 /* ProductVariantCollectionViewCell.xib in Resources */ = {isa = PBXBuildFile; fileRef = 6DD03A472A4BDF1D00DEA1E5 /* ProductVariantCollectionViewCell.xib */; };
		6DD03A4D2A4BF39A00DEA1E5 /* ChooseProductViewController.swift in Sources */ = {isa = PBXBuildFile; fileRef = 6DD03A4B2A4BF39A00DEA1E5 /* ChooseProductViewController.swift */; };
		6DD03A4E2A4BF39A00DEA1E5 /* ChooseProductViewController.xib in Resources */ = {isa = PBXBuildFile; fileRef = 6DD03A4C2A4BF39A00DEA1E5 /* ChooseProductViewController.xib */; };
		6DD03A562A4C04E400DEA1E5 /* ChooseViewController.swift in Sources */ = {isa = PBXBuildFile; fileRef = 6DD03A542A4C04E400DEA1E5 /* ChooseViewController.swift */; };
		6DD03A572A4C04E400DEA1E5 /* ChooseViewController.xib in Resources */ = {isa = PBXBuildFile; fileRef = 6DD03A552A4C04E400DEA1E5 /* ChooseViewController.xib */; };
		6DD03A5B2A4C134900DEA1E5 /* SelectedTemplateViewController.swift in Sources */ = {isa = PBXBuildFile; fileRef = 6DD03A592A4C134900DEA1E5 /* SelectedTemplateViewController.swift */; };
		6DD03A5C2A4C134900DEA1E5 /* SelectedTemplateViewController.xib in Resources */ = {isa = PBXBuildFile; fileRef = 6DD03A5A2A4C134900DEA1E5 /* SelectedTemplateViewController.xib */; };
		6DD03A602A4C157D00DEA1E5 /* EditorPhoneViewController.swift in Sources */ = {isa = PBXBuildFile; fileRef = 6DD03A5E2A4C157D00DEA1E5 /* EditorPhoneViewController.swift */; };
		6DD03A612A4C157D00DEA1E5 /* EditorPhoneViewController.xib in Resources */ = {isa = PBXBuildFile; fileRef = 6DD03A5F2A4C157D00DEA1E5 /* EditorPhoneViewController.xib */; };
		6DDAA9F52A5680D700B3D27B /* BaseAPI.swift in Sources */ = {isa = PBXBuildFile; fileRef = 6DDAA9F42A5680D700B3D27B /* BaseAPI.swift */; };
		6DDAA9F72A5680DF00B3D27B /* ConfigurationBase.swift in Sources */ = {isa = PBXBuildFile; fileRef = 6DDAA9F62A5680DF00B3D27B /* ConfigurationBase.swift */; };
		6DDAAA002A56DDA800B3D27B /* TemplateCollectionViewCell.swift in Sources */ = {isa = PBXBuildFile; fileRef = 6DDAA9FE2A56DDA800B3D27B /* TemplateCollectionViewCell.swift */; };
		6DDAAA012A56DDA800B3D27B /* TemplateCollectionViewCell.xib in Resources */ = {isa = PBXBuildFile; fileRef = 6DDAA9FF2A56DDA800B3D27B /* TemplateCollectionViewCell.xib */; };
		6DDAAA062A56E0B100B3D27B /* SelectCollectionViewCell.swift in Sources */ = {isa = PBXBuildFile; fileRef = 6DDAAA042A56E0B100B3D27B /* SelectCollectionViewCell.swift */; };
		6DDAAA072A56E0B100B3D27B /* SelectCollectionViewCell.xib in Resources */ = {isa = PBXBuildFile; fileRef = 6DDAAA052A56E0B100B3D27B /* SelectCollectionViewCell.xib */; };
		6DDAAA0A2A56E0C000B3D27B /* TypePhoneCollectionViewCell.swift in Sources */ = {isa = PBXBuildFile; fileRef = 6DDAAA082A56E0C000B3D27B /* TypePhoneCollectionViewCell.swift */; };
		6DDAAA0B2A56E0C000B3D27B /* TypePhoneCollectionViewCell.xib in Resources */ = {isa = PBXBuildFile; fileRef = 6DDAAA092A56E0C000B3D27B /* TypePhoneCollectionViewCell.xib */; };
		6DDAAA0D2A56E3B300B3D27B /* HomeReponseModel.swift in Sources */ = {isa = PBXBuildFile; fileRef = 6DDAAA0C2A56E3B300B3D27B /* HomeReponseModel.swift */; };
		6DE4BC632A4C3738007C7F56 /* SettingBiwaViewController.swift in Sources */ = {isa = PBXBuildFile; fileRef = 6DE4BC612A4C3738007C7F56 /* SettingBiwaViewController.swift */; };
		6DE4BC642A4C3738007C7F56 /* SettingBiwaViewController.xib in Resources */ = {isa = PBXBuildFile; fileRef = 6DE4BC622A4C3738007C7F56 /* SettingBiwaViewController.xib */; };
		6DE4BC682A4C5576007C7F56 /* InfoShippingViewController.swift in Sources */ = {isa = PBXBuildFile; fileRef = 6DE4BC662A4C5576007C7F56 /* InfoShippingViewController.swift */; };
		6DE4BC692A4C5576007C7F56 /* InfoShippingViewController.xib in Resources */ = {isa = PBXBuildFile; fileRef = 6DE4BC672A4C5576007C7F56 /* InfoShippingViewController.xib */; };
		6DE4BC6D2A4C572A007C7F56 /* InfoShippingTableViewCell.swift in Sources */ = {isa = PBXBuildFile; fileRef = 6DE4BC6B2A4C572A007C7F56 /* InfoShippingTableViewCell.swift */; };
		6DE4BC6E2A4C572A007C7F56 /* InfoShippingTableViewCell.xib in Resources */ = {isa = PBXBuildFile; fileRef = 6DE4BC6C2A4C572A007C7F56 /* InfoShippingTableViewCell.xib */; };
		6DE4BC722A4C5BED007C7F56 /* ChangePassViewController.swift in Sources */ = {isa = PBXBuildFile; fileRef = 6DE4BC702A4C5BED007C7F56 /* ChangePassViewController.swift */; };
		6DE4BC732A4C5BED007C7F56 /* ChangePassViewController.xib in Resources */ = {isa = PBXBuildFile; fileRef = 6DE4BC712A4C5BED007C7F56 /* ChangePassViewController.xib */; };
		6DE4BC772A4C8196007C7F56 /* DeleteAccViewController.swift in Sources */ = {isa = PBXBuildFile; fileRef = 6DE4BC752A4C8196007C7F56 /* DeleteAccViewController.swift */; };
		6DE4BC782A4C8196007C7F56 /* DeleteAccViewController.xib in Resources */ = {isa = PBXBuildFile; fileRef = 6DE4BC762A4C8196007C7F56 /* DeleteAccViewController.xib */; };
		6DE4BC7C2A4C8BB8007C7F56 /* NewFileViewController.swift in Sources */ = {isa = PBXBuildFile; fileRef = 6DE4BC7A2A4C8BB8007C7F56 /* NewFileViewController.swift */; };
		6DE4BC7D2A4C8BB8007C7F56 /* NewFileViewController.xib in Resources */ = {isa = PBXBuildFile; fileRef = 6DE4BC7B2A4C8BB8007C7F56 /* NewFileViewController.xib */; };
		6DE4BC812A4C8D27007C7F56 /* NewOfferTableViewCell.swift in Sources */ = {isa = PBXBuildFile; fileRef = 6DE4BC7F2A4C8D27007C7F56 /* NewOfferTableViewCell.swift */; };
		6DE4BC822A4C8D27007C7F56 /* NewOfferTableViewCell.xib in Resources */ = {isa = PBXBuildFile; fileRef = 6DE4BC802A4C8D27007C7F56 /* NewOfferTableViewCell.xib */; };
		F1C62E71B127F9E30AF3512D /* Pods_BiwaAn.framework in Frameworks */ = {isa = PBXBuildFile; fileRef = CDA1349362E8AF6589514E8D /* Pods_BiwaAn.framework */; };
/* End PBXBuildFile section */

/* Begin PBXFileReference section */
		1E645A2A6AC6070EB35FCB4D /* Pods-BiwaAn.release.xcconfig */ = {isa = PBXFileReference; includeInIndex = 1; lastKnownFileType = text.xcconfig; name = "Pods-BiwaAn.release.xcconfig"; path = "Target Support Files/Pods-BiwaAn/Pods-BiwaAn.release.xcconfig"; sourceTree = "<group>"; };
		6D0EEEB02A49316E000248A7 /* BiwaAn.app */ = {isa = PBXFileReference; explicitFileType = wrapper.application; includeInIndex = 0; path = BiwaAn.app; sourceTree = BUILT_PRODUCTS_DIR; };
		6D0EEEB32A49316E000248A7 /* AppDelegate.swift */ = {isa = PBXFileReference; lastKnownFileType = sourcecode.swift; path = AppDelegate.swift; sourceTree = "<group>"; };
		6D0EEEB52A49316E000248A7 /* SceneDelegate.swift */ = {isa = PBXFileReference; lastKnownFileType = sourcecode.swift; path = SceneDelegate.swift; sourceTree = "<group>"; };
		6D0EEEB72A49316E000248A7 /* ViewController.swift */ = {isa = PBXFileReference; lastKnownFileType = sourcecode.swift; path = ViewController.swift; sourceTree = "<group>"; };
		6D0EEEBD2A49316E000248A7 /* BiwaAn.xcdatamodel */ = {isa = PBXFileReference; lastKnownFileType = wrapper.xcdatamodel; path = BiwaAn.xcdatamodel; sourceTree = "<group>"; };
		6D0EEEBF2A493172000248A7 /* Assets.xcassets */ = {isa = PBXFileReference; lastKnownFileType = folder.assetcatalog; path = Assets.xcassets; sourceTree = "<group>"; };
		6D0EEEC22A493172000248A7 /* Base */ = {isa = PBXFileReference; lastKnownFileType = file.storyboard; name = Base; path = Base.lproj/LaunchScreen.storyboard; sourceTree = "<group>"; };
		6D0EEEC42A493172000248A7 /* Info.plist */ = {isa = PBXFileReference; lastKnownFileType = text.plist.xml; path = Info.plist; sourceTree = "<group>"; };
		6D0EEECB2A493204000248A7 /* LoginViewController.swift */ = {isa = PBXFileReference; lastKnownFileType = sourcecode.swift; path = LoginViewController.swift; sourceTree = "<group>"; };
		6D0EEECC2A493204000248A7 /* LoginViewController.xib */ = {isa = PBXFileReference; lastKnownFileType = file.xib; path = LoginViewController.xib; sourceTree = "<group>"; };
		6D27C55A2A4B27CD00360C82 /* ProfileViewController.swift */ = {isa = PBXFileReference; lastKnownFileType = sourcecode.swift; path = ProfileViewController.swift; sourceTree = "<group>"; };
		6D27C55B2A4B27CD00360C82 /* ProfileViewController.xib */ = {isa = PBXFileReference; lastKnownFileType = file.xib; path = ProfileViewController.xib; sourceTree = "<group>"; };
		6D27C5642A4B286F00360C82 /* CartViewController.swift */ = {isa = PBXFileReference; lastKnownFileType = sourcecode.swift; path = CartViewController.swift; sourceTree = "<group>"; };
		6D27C5652A4B286F00360C82 /* CartViewController.xib */ = {isa = PBXFileReference; lastKnownFileType = file.xib; path = CartViewController.xib; sourceTree = "<group>"; };
		6D51E2EB2A4C98C100CD53AE /* DiscounViewController.swift */ = {isa = PBXFileReference; lastKnownFileType = sourcecode.swift; path = DiscounViewController.swift; sourceTree = "<group>"; };
		6D51E2EC2A4C98C100CD53AE /* DiscounViewController.xib */ = {isa = PBXFileReference; lastKnownFileType = file.xib; path = DiscounViewController.xib; sourceTree = "<group>"; };
		6D51E2F02A4CA25800CD53AE /* DiscountTableViewCell.swift */ = {isa = PBXFileReference; lastKnownFileType = sourcecode.swift; path = DiscountTableViewCell.swift; sourceTree = "<group>"; };
		6D51E2F12A4CA25800CD53AE /* DiscountTableViewCell.xib */ = {isa = PBXFileReference; lastKnownFileType = file.xib; path = DiscountTableViewCell.xib; sourceTree = "<group>"; };
		6D51E2F52A4CA88C00CD53AE /* AddressViewController.swift */ = {isa = PBXFileReference; lastKnownFileType = sourcecode.swift; path = AddressViewController.swift; sourceTree = "<group>"; };
		6D51E2F62A4CA88C00CD53AE /* AddressViewController.xib */ = {isa = PBXFileReference; lastKnownFileType = file.xib; path = AddressViewController.xib; sourceTree = "<group>"; };
		6D552B852A497AED0095BAF8 /* UIImageExtension.swift */ = {isa = PBXFileReference; fileEncoding = 4; lastKnownFileType = sourcecode.swift; path = UIImageExtension.swift; sourceTree = "<group>"; };
		6D552B862A497AED0095BAF8 /* StringExtension.swift */ = {isa = PBXFileReference; fileEncoding = 4; lastKnownFileType = sourcecode.swift; path = StringExtension.swift; sourceTree = "<group>"; };
		6D552B872A497AED0095BAF8 /* UINavigationExtension.swift */ = {isa = PBXFileReference; fileEncoding = 4; lastKnownFileType = sourcecode.swift; path = UINavigationExtension.swift; sourceTree = "<group>"; };
		6D552B882A497AED0095BAF8 /* DropDown.swift */ = {isa = PBXFileReference; fileEncoding = 4; lastKnownFileType = sourcecode.swift; path = DropDown.swift; sourceTree = "<group>"; };
		6D552B892A497AED0095BAF8 /* UIViewControllerExtension.swift */ = {isa = PBXFileReference; fileEncoding = 4; lastKnownFileType = sourcecode.swift; path = UIViewControllerExtension.swift; sourceTree = "<group>"; };
		6D552B8A2A497AED0095BAF8 /* UIViewExtension.swift */ = {isa = PBXFileReference; fileEncoding = 4; lastKnownFileType = sourcecode.swift; path = UIViewExtension.swift; sourceTree = "<group>"; };
		6D552B8B2A497AED0095BAF8 /* UIColorExtension.swift */ = {isa = PBXFileReference; fileEncoding = 4; lastKnownFileType = sourcecode.swift; path = UIColorExtension.swift; sourceTree = "<group>"; };
		6D552B8C2A497AED0095BAF8 /* ViewProtocol.swift */ = {isa = PBXFileReference; fileEncoding = 4; lastKnownFileType = sourcecode.swift; path = ViewProtocol.swift; sourceTree = "<group>"; };
		6D552B8D2A497AED0095BAF8 /* TableViewExtension.swift */ = {isa = PBXFileReference; fileEncoding = 4; lastKnownFileType = sourcecode.swift; path = TableViewExtension.swift; sourceTree = "<group>"; };
		6D552B8E2A497AED0095BAF8 /* UIStoryboardExtension.swift */ = {isa = PBXFileReference; fileEncoding = 4; lastKnownFileType = sourcecode.swift; path = UIStoryboardExtension.swift; sourceTree = "<group>"; };
		6D552B8F2A497AED0095BAF8 /* UITapGestureRecognizer.swift */ = {isa = PBXFileReference; fileEncoding = 4; lastKnownFileType = sourcecode.swift; path = UITapGestureRecognizer.swift; sourceTree = "<group>"; };
		6D552B902A497AED0095BAF8 /* NSMutableAttributedString.swift */ = {isa = PBXFileReference; fileEncoding = 4; lastKnownFileType = sourcecode.swift; path = NSMutableAttributedString.swift; sourceTree = "<group>"; };
		6D552B912A497AED0095BAF8 /* UIButtonExtension.swift */ = {isa = PBXFileReference; fileEncoding = 4; lastKnownFileType = sourcecode.swift; path = UIButtonExtension.swift; sourceTree = "<group>"; };
		6D552B922A497AED0095BAF8 /* UIFontExtension.swift */ = {isa = PBXFileReference; fileEncoding = 4; lastKnownFileType = sourcecode.swift; path = UIFontExtension.swift; sourceTree = "<group>"; };
		6D552B932A497AED0095BAF8 /* UIControlExtension.swift */ = {isa = PBXFileReference; fileEncoding = 4; lastKnownFileType = sourcecode.swift; path = UIControlExtension.swift; sourceTree = "<group>"; };
		6D9D93452A497DBE00AEA0F3 /* RegisterViewController.swift */ = {isa = PBXFileReference; lastKnownFileType = sourcecode.swift; path = RegisterViewController.swift; sourceTree = "<group>"; };
		6D9D93462A497DBE00AEA0F3 /* RegisterViewController.xib */ = {isa = PBXFileReference; lastKnownFileType = file.xib; path = RegisterViewController.xib; sourceTree = "<group>"; };
		6D9D934B2A49915F00AEA0F3 /* FogotPassViewController.swift */ = {isa = PBXFileReference; lastKnownFileType = sourcecode.swift; path = FogotPassViewController.swift; sourceTree = "<group>"; };
		6D9D934C2A49915F00AEA0F3 /* FogotPassViewController.xib */ = {isa = PBXFileReference; lastKnownFileType = file.xib; path = FogotPassViewController.xib; sourceTree = "<group>"; };
		6D9D93502A4ABD6D00AEA0F3 /* HomeViewController.swift */ = {isa = PBXFileReference; lastKnownFileType = sourcecode.swift; path = HomeViewController.swift; sourceTree = "<group>"; };
		6D9D93512A4ABD6D00AEA0F3 /* HomeViewController.xib */ = {isa = PBXFileReference; lastKnownFileType = file.xib; path = HomeViewController.xib; sourceTree = "<group>"; };
		6DD03A412A4BDA8100DEA1E5 /* ProductVariantViewController.swift */ = {isa = PBXFileReference; lastKnownFileType = sourcecode.swift; path = ProductVariantViewController.swift; sourceTree = "<group>"; };
		6DD03A422A4BDA8100DEA1E5 /* ProductVariantViewController.xib */ = {isa = PBXFileReference; lastKnownFileType = file.xib; path = ProductVariantViewController.xib; sourceTree = "<group>"; };
		6DD03A462A4BDF1D00DEA1E5 /* ProductVariantCollectionViewCell.swift */ = {isa = PBXFileReference; lastKnownFileType = sourcecode.swift; path = ProductVariantCollectionViewCell.swift; sourceTree = "<group>"; };
		6DD03A472A4BDF1D00DEA1E5 /* ProductVariantCollectionViewCell.xib */ = {isa = PBXFileReference; lastKnownFileType = file.xib; path = ProductVariantCollectionViewCell.xib; sourceTree = "<group>"; };
		6DD03A4B2A4BF39A00DEA1E5 /* ChooseProductViewController.swift */ = {isa = PBXFileReference; lastKnownFileType = sourcecode.swift; path = ChooseProductViewController.swift; sourceTree = "<group>"; };
		6DD03A4C2A4BF39A00DEA1E5 /* ChooseProductViewController.xib */ = {isa = PBXFileReference; lastKnownFileType = file.xib; path = ChooseProductViewController.xib; sourceTree = "<group>"; };
		6DD03A542A4C04E400DEA1E5 /* ChooseViewController.swift */ = {isa = PBXFileReference; lastKnownFileType = sourcecode.swift; path = ChooseViewController.swift; sourceTree = "<group>"; };
		6DD03A552A4C04E400DEA1E5 /* ChooseViewController.xib */ = {isa = PBXFileReference; lastKnownFileType = file.xib; path = ChooseViewController.xib; sourceTree = "<group>"; };
		6DD03A592A4C134900DEA1E5 /* SelectedTemplateViewController.swift */ = {isa = PBXFileReference; lastKnownFileType = sourcecode.swift; path = SelectedTemplateViewController.swift; sourceTree = "<group>"; };
		6DD03A5A2A4C134900DEA1E5 /* SelectedTemplateViewController.xib */ = {isa = PBXFileReference; lastKnownFileType = file.xib; path = SelectedTemplateViewController.xib; sourceTree = "<group>"; };
		6DD03A5E2A4C157D00DEA1E5 /* EditorPhoneViewController.swift */ = {isa = PBXFileReference; lastKnownFileType = sourcecode.swift; path = EditorPhoneViewController.swift; sourceTree = "<group>"; };
		6DD03A5F2A4C157D00DEA1E5 /* EditorPhoneViewController.xib */ = {isa = PBXFileReference; lastKnownFileType = file.xib; path = EditorPhoneViewController.xib; sourceTree = "<group>"; };
		6DDAA9F42A5680D700B3D27B /* BaseAPI.swift */ = {isa = PBXFileReference; fileEncoding = 4; lastKnownFileType = sourcecode.swift; path = BaseAPI.swift; sourceTree = "<group>"; };
		6DDAA9F62A5680DF00B3D27B /* ConfigurationBase.swift */ = {isa = PBXFileReference; fileEncoding = 4; lastKnownFileType = sourcecode.swift; path = ConfigurationBase.swift; sourceTree = "<group>"; };
		6DDAA9FE2A56DDA800B3D27B /* TemplateCollectionViewCell.swift */ = {isa = PBXFileReference; lastKnownFileType = sourcecode.swift; path = TemplateCollectionViewCell.swift; sourceTree = "<group>"; };
		6DDAA9FF2A56DDA800B3D27B /* TemplateCollectionViewCell.xib */ = {isa = PBXFileReference; lastKnownFileType = file.xib; path = TemplateCollectionViewCell.xib; sourceTree = "<group>"; };
		6DDAAA042A56E0B100B3D27B /* SelectCollectionViewCell.swift */ = {isa = PBXFileReference; lastKnownFileType = sourcecode.swift; path = SelectCollectionViewCell.swift; sourceTree = "<group>"; };
		6DDAAA052A56E0B100B3D27B /* SelectCollectionViewCell.xib */ = {isa = PBXFileReference; lastKnownFileType = file.xib; path = SelectCollectionViewCell.xib; sourceTree = "<group>"; };
		6DDAAA082A56E0C000B3D27B /* TypePhoneCollectionViewCell.swift */ = {isa = PBXFileReference; lastKnownFileType = sourcecode.swift; path = TypePhoneCollectionViewCell.swift; sourceTree = "<group>"; };
		6DDAAA092A56E0C000B3D27B /* TypePhoneCollectionViewCell.xib */ = {isa = PBXFileReference; lastKnownFileType = file.xib; path = TypePhoneCollectionViewCell.xib; sourceTree = "<group>"; };
		6DDAAA0C2A56E3B300B3D27B /* HomeReponseModel.swift */ = {isa = PBXFileReference; lastKnownFileType = sourcecode.swift; path = HomeReponseModel.swift; sourceTree = "<group>"; };
		6DE4BC612A4C3738007C7F56 /* SettingBiwaViewController.swift */ = {isa = PBXFileReference; lastKnownFileType = sourcecode.swift; path = SettingBiwaViewController.swift; sourceTree = "<group>"; };
		6DE4BC622A4C3738007C7F56 /* SettingBiwaViewController.xib */ = {isa = PBXFileReference; lastKnownFileType = file.xib; path = SettingBiwaViewController.xib; sourceTree = "<group>"; };
		6DE4BC662A4C5576007C7F56 /* InfoShippingViewController.swift */ = {isa = PBXFileReference; lastKnownFileType = sourcecode.swift; path = InfoShippingViewController.swift; sourceTree = "<group>"; };
		6DE4BC672A4C5576007C7F56 /* InfoShippingViewController.xib */ = {isa = PBXFileReference; lastKnownFileType = file.xib; path = InfoShippingViewController.xib; sourceTree = "<group>"; };
		6DE4BC6B2A4C572A007C7F56 /* InfoShippingTableViewCell.swift */ = {isa = PBXFileReference; lastKnownFileType = sourcecode.swift; path = InfoShippingTableViewCell.swift; sourceTree = "<group>"; };
		6DE4BC6C2A4C572A007C7F56 /* InfoShippingTableViewCell.xib */ = {isa = PBXFileReference; lastKnownFileType = file.xib; path = InfoShippingTableViewCell.xib; sourceTree = "<group>"; };
		6DE4BC702A4C5BED007C7F56 /* ChangePassViewController.swift */ = {isa = PBXFileReference; lastKnownFileType = sourcecode.swift; path = ChangePassViewController.swift; sourceTree = "<group>"; };
		6DE4BC712A4C5BED007C7F56 /* ChangePassViewController.xib */ = {isa = PBXFileReference; lastKnownFileType = file.xib; path = ChangePassViewController.xib; sourceTree = "<group>"; };
		6DE4BC752A4C8196007C7F56 /* DeleteAccViewController.swift */ = {isa = PBXFileReference; lastKnownFileType = sourcecode.swift; path = DeleteAccViewController.swift; sourceTree = "<group>"; };
		6DE4BC762A4C8196007C7F56 /* DeleteAccViewController.xib */ = {isa = PBXFileReference; lastKnownFileType = file.xib; path = DeleteAccViewController.xib; sourceTree = "<group>"; };
		6DE4BC7A2A4C8BB8007C7F56 /* NewFileViewController.swift */ = {isa = PBXFileReference; lastKnownFileType = sourcecode.swift; path = NewFileViewController.swift; sourceTree = "<group>"; };
		6DE4BC7B2A4C8BB8007C7F56 /* NewFileViewController.xib */ = {isa = PBXFileReference; lastKnownFileType = file.xib; path = NewFileViewController.xib; sourceTree = "<group>"; };
		6DE4BC7F2A4C8D27007C7F56 /* NewOfferTableViewCell.swift */ = {isa = PBXFileReference; lastKnownFileType = sourcecode.swift; path = NewOfferTableViewCell.swift; sourceTree = "<group>"; };
		6DE4BC802A4C8D27007C7F56 /* NewOfferTableViewCell.xib */ = {isa = PBXFileReference; lastKnownFileType = file.xib; path = NewOfferTableViewCell.xib; sourceTree = "<group>"; };
		8FD12B8F575F22F33CEC8A44 /* Pods-BiwaAn.debug.xcconfig */ = {isa = PBXFileReference; includeInIndex = 1; lastKnownFileType = text.xcconfig; name = "Pods-BiwaAn.debug.xcconfig"; path = "Target Support Files/Pods-BiwaAn/Pods-BiwaAn.debug.xcconfig"; sourceTree = "<group>"; };
		CDA1349362E8AF6589514E8D /* Pods_BiwaAn.framework */ = {isa = PBXFileReference; explicitFileType = wrapper.framework; includeInIndex = 0; path = Pods_BiwaAn.framework; sourceTree = BUILT_PRODUCTS_DIR; };
/* End PBXFileReference section */

/* Begin PBXFrameworksBuildPhase section */
		6D0EEEAD2A49316E000248A7 /* Frameworks */ = {
			isa = PBXFrameworksBuildPhase;
			buildActionMask = 2147483647;
			files = (
				F1C62E71B127F9E30AF3512D /* Pods_BiwaAn.framework in Frameworks */,
			);
			runOnlyForDeploymentPostprocessing = 0;
		};
/* End PBXFrameworksBuildPhase section */

/* Begin PBXGroup section */
		6D0EEEA72A49316E000248A7 = {
			isa = PBXGroup;
			children = (
				6D0EEEB22A49316E000248A7 /* BiwaAn */,
				6D0EEEB12A49316E000248A7 /* Products */,
				A18AFA90706166B2DC28D9DB /* Pods */,
				6D2FB702A7748949E5654C99 /* Frameworks */,
			);
			sourceTree = "<group>";
		};
		6D0EEEB12A49316E000248A7 /* Products */ = {
			isa = PBXGroup;
			children = (
				6D0EEEB02A49316E000248A7 /* BiwaAn.app */,
			);
			name = Products;
			sourceTree = "<group>";
		};
		6D0EEEB22A49316E000248A7 /* BiwaAn */ = {
			isa = PBXGroup;
			children = (
				6DDAA9F32A5680C300B3D27B /* Service */,
				6D51E2F42A4CA86A00CD53AE /* Address */,
				6D51E2EA2A4C98A100CD53AE /* Discount */,
				6DE4BC792A4C8BA5007C7F56 /* NewOffer */,
				6DE4BC742A4C817F007C7F56 /* DeleteAcc */,
				6DE4BC6F2A4C5BCD007C7F56 /* ChangePass */,
				6DE4BC652A4C5528007C7F56 /* InfoShipping */,
				6DD03A5D2A4C156400DEA1E5 /* EditorPhone */,
				6DD03A582A4C12DC00DEA1E5 /* SelectedTemplate */,
				6DD03A4A2A4BF2B000DEA1E5 /* ChooseProduct */,
				6DD03A402A4BDA1D00DEA1E5 /* ProductVariant */,
				6D27C5632A4B285B00360C82 /* Cart */,
				6D27C55E2A4B280C00360C82 /* Setting */,
				6D27C5592A4B276300360C82 /* Profile */,
				6D9D934F2A4ABD4A00AEA0F3 /* Home */,
				6D9D93492A49912A00AEA0F3 /* Authen */,
				6D0EEEB32A49316E000248A7 /* AppDelegate.swift */,
				6D0EEEB52A49316E000248A7 /* SceneDelegate.swift */,
				6D0EEEB72A49316E000248A7 /* ViewController.swift */,
				6D552B3E2A49751B0095BAF8 /* Extension */,
				6D0EEEBF2A493172000248A7 /* Assets.xcassets */,
				6D0EEEC12A493172000248A7 /* LaunchScreen.storyboard */,
				6D0EEEC42A493172000248A7 /* Info.plist */,
				6D0EEEBC2A49316E000248A7 /* BiwaAn.xcdatamodeld */,
			);
			path = BiwaAn;
			sourceTree = "<group>";
		};
		6D0EEECA2A4931EF000248A7 /* Login */ = {
			isa = PBXGroup;
			children = (
				6D0EEECB2A493204000248A7 /* LoginViewController.swift */,
				6D0EEECC2A493204000248A7 /* LoginViewController.xib */,
			);
			path = Login;
			sourceTree = "<group>";
		};
		6D27C5592A4B276300360C82 /* Profile */ = {
			isa = PBXGroup;
			children = (
				6D27C55A2A4B27CD00360C82 /* ProfileViewController.swift */,
				6D27C55B2A4B27CD00360C82 /* ProfileViewController.xib */,
			);
			path = Profile;
			sourceTree = "<group>";
		};
		6D27C55E2A4B280C00360C82 /* Setting */ = {
			isa = PBXGroup;
			children = (
				6DE4BC612A4C3738007C7F56 /* SettingBiwaViewController.swift */,
				6DE4BC622A4C3738007C7F56 /* SettingBiwaViewController.xib */,
			);
			path = Setting;
			sourceTree = "<group>";
		};
		6D27C5632A4B285B00360C82 /* Cart */ = {
			isa = PBXGroup;
			children = (
				6D27C5642A4B286F00360C82 /* CartViewController.swift */,
				6D27C5652A4B286F00360C82 /* CartViewController.xib */,
			);
			path = Cart;
			sourceTree = "<group>";
		};
		6D2FB702A7748949E5654C99 /* Frameworks */ = {
			isa = PBXGroup;
			children = (
				CDA1349362E8AF6589514E8D /* Pods_BiwaAn.framework */,
			);
			name = Frameworks;
			sourceTree = "<group>";
		};
		6D51E2EA2A4C98A100CD53AE /* Discount */ = {
			isa = PBXGroup;
			children = (
				6D51E2EF2A4CA23800CD53AE /* Cell */,
				6D51E2EB2A4C98C100CD53AE /* DiscounViewController.swift */,
				6D51E2EC2A4C98C100CD53AE /* DiscounViewController.xib */,
			);
			path = Discount;
			sourceTree = "<group>";
		};
		6D51E2EF2A4CA23800CD53AE /* Cell */ = {
			isa = PBXGroup;
			children = (
				6D51E2F02A4CA25800CD53AE /* DiscountTableViewCell.swift */,
				6D51E2F12A4CA25800CD53AE /* DiscountTableViewCell.xib */,
			);
			path = Cell;
			sourceTree = "<group>";
		};
		6D51E2F42A4CA86A00CD53AE /* Address */ = {
			isa = PBXGroup;
			children = (
				6D51E2F52A4CA88C00CD53AE /* AddressViewController.swift */,
				6D51E2F62A4CA88C00CD53AE /* AddressViewController.xib */,
			);
			path = Address;
			sourceTree = "<group>";
		};
		6D552B3E2A49751B0095BAF8 /* Extension */ = {
			isa = PBXGroup;
			children = (
				6D552B882A497AED0095BAF8 /* DropDown.swift */,
				6D552B902A497AED0095BAF8 /* NSMutableAttributedString.swift */,
				6D552B862A497AED0095BAF8 /* StringExtension.swift */,
				6D552B8D2A497AED0095BAF8 /* TableViewExtension.swift */,
				6D552B912A497AED0095BAF8 /* UIButtonExtension.swift */,
				6D552B8B2A497AED0095BAF8 /* UIColorExtension.swift */,
				6D552B932A497AED0095BAF8 /* UIControlExtension.swift */,
				6D552B922A497AED0095BAF8 /* UIFontExtension.swift */,
				6D552B852A497AED0095BAF8 /* UIImageExtension.swift */,
				6D552B872A497AED0095BAF8 /* UINavigationExtension.swift */,
				6D552B8E2A497AED0095BAF8 /* UIStoryboardExtension.swift */,
				6D552B8F2A497AED0095BAF8 /* UITapGestureRecognizer.swift */,
				6D552B892A497AED0095BAF8 /* UIViewControllerExtension.swift */,
				6D552B8A2A497AED0095BAF8 /* UIViewExtension.swift */,
				6D552B8C2A497AED0095BAF8 /* ViewProtocol.swift */,
			);
			path = Extension;
			sourceTree = "<group>";
		};
		6D9D93442A497D9900AEA0F3 /* Register */ = {
			isa = PBXGroup;
			children = (
				6D9D93452A497DBE00AEA0F3 /* RegisterViewController.swift */,
				6D9D93462A497DBE00AEA0F3 /* RegisterViewController.xib */,
			);
			path = Register;
			sourceTree = "<group>";
		};
		6D9D93492A49912A00AEA0F3 /* Authen */ = {
			isa = PBXGroup;
			children = (
				6D9D934A2A49914600AEA0F3 /* FogotPass */,
				6D0EEECA2A4931EF000248A7 /* Login */,
				6D9D93442A497D9900AEA0F3 /* Register */,
			);
			path = Authen;
			sourceTree = "<group>";
		};
		6D9D934A2A49914600AEA0F3 /* FogotPass */ = {
			isa = PBXGroup;
			children = (
				6D9D934B2A49915F00AEA0F3 /* FogotPassViewController.swift */,
				6D9D934C2A49915F00AEA0F3 /* FogotPassViewController.xib */,
			);
			path = FogotPass;
			sourceTree = "<group>";
		};
		6D9D934F2A4ABD4A00AEA0F3 /* Home */ = {
			isa = PBXGroup;
			children = (
				6DE5B7AD2A4AC4FD0002607A /* Cell */,
				6D9D93502A4ABD6D00AEA0F3 /* HomeViewController.swift */,
				6DDAAA0C2A56E3B300B3D27B /* HomeReponseModel.swift */,
				6D9D93512A4ABD6D00AEA0F3 /* HomeViewController.xib */,
			);
			path = Home;
			sourceTree = "<group>";
		};
		6DD03A402A4BDA1D00DEA1E5 /* ProductVariant */ = {
			isa = PBXGroup;
			children = (
				6DD03A452A4BDE7A00DEA1E5 /* Cell */,
				6DD03A412A4BDA8100DEA1E5 /* ProductVariantViewController.swift */,
				6DD03A422A4BDA8100DEA1E5 /* ProductVariantViewController.xib */,
			);
			path = ProductVariant;
			sourceTree = "<group>";
		};
		6DD03A452A4BDE7A00DEA1E5 /* Cell */ = {
			isa = PBXGroup;
			children = (
				6DD03A462A4BDF1D00DEA1E5 /* ProductVariantCollectionViewCell.swift */,
				6DD03A472A4BDF1D00DEA1E5 /* ProductVariantCollectionViewCell.xib */,
			);
			path = Cell;
			sourceTree = "<group>";
		};
		6DD03A4A2A4BF2B000DEA1E5 /* ChooseProduct */ = {
			isa = PBXGroup;
			children = (
				6DD03A4F2A4BFD0E00DEA1E5 /* Present */,
				6DD03A4B2A4BF39A00DEA1E5 /* ChooseProductViewController.swift */,
				6DD03A4C2A4BF39A00DEA1E5 /* ChooseProductViewController.xib */,
			);
			path = ChooseProduct;
			sourceTree = "<group>";
		};
		6DD03A4F2A4BFD0E00DEA1E5 /* Present */ = {
			isa = PBXGroup;
			children = (
				6DD03A542A4C04E400DEA1E5 /* ChooseViewController.swift */,
				6DD03A552A4C04E400DEA1E5 /* ChooseViewController.xib */,
			);
			path = Present;
			sourceTree = "<group>";
		};
		6DD03A582A4C12DC00DEA1E5 /* SelectedTemplate */ = {
			isa = PBXGroup;
			children = (
				6DD03A592A4C134900DEA1E5 /* SelectedTemplateViewController.swift */,
				6DD03A5A2A4C134900DEA1E5 /* SelectedTemplateViewController.xib */,
			);
			path = SelectedTemplate;
			sourceTree = "<group>";
		};
		6DD03A5D2A4C156400DEA1E5 /* EditorPhone */ = {
			isa = PBXGroup;
			children = (
				6DD03A5E2A4C157D00DEA1E5 /* EditorPhoneViewController.swift */,
				6DD03A5F2A4C157D00DEA1E5 /* EditorPhoneViewController.xib */,
			);
			path = EditorPhone;
			sourceTree = "<group>";
		};
		6DDAA9F32A5680C300B3D27B /* Service */ = {
			isa = PBXGroup;
			children = (
				6DDAA9F82A56987200B3D27B /* Reponse */,
				6DDAA9F62A5680DF00B3D27B /* ConfigurationBase.swift */,
				6DDAA9F42A5680D700B3D27B /* BaseAPI.swift */,
			);
			path = Service;
			sourceTree = "<group>";
		};
		6DDAA9F82A56987200B3D27B /* Reponse */ = {
			isa = PBXGroup;
			children = (
			);
			path = Reponse;
			sourceTree = "<group>";
		};
		6DDAA9FD2A56DD7F00B3D27B /* Template */ = {
			isa = PBXGroup;
			children = (
				6DDAA9FE2A56DDA800B3D27B /* TemplateCollectionViewCell.swift */,
				6DDAA9FF2A56DDA800B3D27B /* TemplateCollectionViewCell.xib */,
			);
			path = Template;
			sourceTree = "<group>";
		};
		6DDAAA022A56DDB500B3D27B /* Selected */ = {
			isa = PBXGroup;
			children = (
				6DDAAA042A56E0B100B3D27B /* SelectCollectionViewCell.swift */,
				6DDAAA052A56E0B100B3D27B /* SelectCollectionViewCell.xib */,
			);
			path = Selected;
			sourceTree = "<group>";
		};
		6DDAAA032A56DDBE00B3D27B /* TypePhone */ = {
			isa = PBXGroup;
			children = (
				6DDAAA082A56E0C000B3D27B /* TypePhoneCollectionViewCell.swift */,
				6DDAAA092A56E0C000B3D27B /* TypePhoneCollectionViewCell.xib */,
			);
			path = TypePhone;
			sourceTree = "<group>";
		};
		6DE4BC652A4C5528007C7F56 /* InfoShipping */ = {
			isa = PBXGroup;
			children = (
				6DE4BC6A2A4C570D007C7F56 /* Cell */,
				6DE4BC662A4C5576007C7F56 /* InfoShippingViewController.swift */,
				6DE4BC672A4C5576007C7F56 /* InfoShippingViewController.xib */,
			);
			path = InfoShipping;
			sourceTree = "<group>";
		};
		6DE4BC6A2A4C570D007C7F56 /* Cell */ = {
			isa = PBXGroup;
			children = (
				6DE4BC6B2A4C572A007C7F56 /* InfoShippingTableViewCell.swift */,
				6DE4BC6C2A4C572A007C7F56 /* InfoShippingTableViewCell.xib */,
			);
			path = Cell;
			sourceTree = "<group>";
		};
		6DE4BC6F2A4C5BCD007C7F56 /* ChangePass */ = {
			isa = PBXGroup;
			children = (
				6DE4BC702A4C5BED007C7F56 /* ChangePassViewController.swift */,
				6DE4BC712A4C5BED007C7F56 /* ChangePassViewController.xib */,
			);
			path = ChangePass;
			sourceTree = "<group>";
		};
		6DE4BC742A4C817F007C7F56 /* DeleteAcc */ = {
			isa = PBXGroup;
			children = (
				6DE4BC752A4C8196007C7F56 /* DeleteAccViewController.swift */,
				6DE4BC762A4C8196007C7F56 /* DeleteAccViewController.xib */,
			);
			path = DeleteAcc;
			sourceTree = "<group>";
		};
		6DE4BC792A4C8BA5007C7F56 /* NewOffer */ = {
			isa = PBXGroup;
			children = (
				6DE4BC7E2A4C8D0B007C7F56 /* Cell */,
				6DE4BC7A2A4C8BB8007C7F56 /* NewFileViewController.swift */,
				6DE4BC7B2A4C8BB8007C7F56 /* NewFileViewController.xib */,
			);
			path = NewOffer;
			sourceTree = "<group>";
		};
		6DE4BC7E2A4C8D0B007C7F56 /* Cell */ = {
			isa = PBXGroup;
			children = (
				6DE4BC7F2A4C8D27007C7F56 /* NewOfferTableViewCell.swift */,
				6DE4BC802A4C8D27007C7F56 /* NewOfferTableViewCell.xib */,
			);
			path = Cell;
			sourceTree = "<group>";
		};
		6DE5B7AD2A4AC4FD0002607A /* Cell */ = {
			isa = PBXGroup;
			children = (
				6DDAAA032A56DDBE00B3D27B /* TypePhone */,
				6DDAAA022A56DDB500B3D27B /* Selected */,
				6DDAA9FD2A56DD7F00B3D27B /* Template */,
			);
			path = Cell;
			sourceTree = "<group>";
		};
		A18AFA90706166B2DC28D9DB /* Pods */ = {
			isa = PBXGroup;
			children = (
				8FD12B8F575F22F33CEC8A44 /* Pods-BiwaAn.debug.xcconfig */,
				1E645A2A6AC6070EB35FCB4D /* Pods-BiwaAn.release.xcconfig */,
			);
			path = Pods;
			sourceTree = "<group>";
		};
/* End PBXGroup section */

/* Begin PBXNativeTarget section */
		6D0EEEAF2A49316E000248A7 /* BiwaAn */ = {
			isa = PBXNativeTarget;
			buildConfigurationList = 6D0EEEC72A493172000248A7 /* Build configuration list for PBXNativeTarget "BiwaAn" */;
			buildPhases = (
				C31A8D235E6098753A5F3EAD /* [CP] Check Pods Manifest.lock */,
				6D0EEEAC2A49316E000248A7 /* Sources */,
				6D0EEEAD2A49316E000248A7 /* Frameworks */,
				6D0EEEAE2A49316E000248A7 /* Resources */,
				115E6FF4958B6CAB58DE621F /* [CP] Embed Pods Frameworks */,
			);
			buildRules = (
			);
			dependencies = (
			);
			name = BiwaAn;
			productName = BiwaAn;
			productReference = 6D0EEEB02A49316E000248A7 /* BiwaAn.app */;
			productType = "com.apple.product-type.application";
		};
/* End PBXNativeTarget section */

/* Begin PBXProject section */
		6D0EEEA82A49316E000248A7 /* Project object */ = {
			isa = PBXProject;
			attributes = {
				BuildIndependentTargetsInParallel = 1;
				LastSwiftUpdateCheck = 1340;
				LastUpgradeCheck = 1340;
				TargetAttributes = {
					6D0EEEAF2A49316E000248A7 = {
						CreatedOnToolsVersion = 13.4.1;
					};
				};
			};
			buildConfigurationList = 6D0EEEAB2A49316E000248A7 /* Build configuration list for PBXProject "BiwaAn" */;
			compatibilityVersion = "Xcode 13.0";
			developmentRegion = en;
			hasScannedForEncodings = 0;
			knownRegions = (
				en,
				Base,
			);
			mainGroup = 6D0EEEA72A49316E000248A7;
			productRefGroup = 6D0EEEB12A49316E000248A7 /* Products */;
			projectDirPath = "";
			projectRoot = "";
			targets = (
				6D0EEEAF2A49316E000248A7 /* BiwaAn */,
			);
		};
/* End PBXProject section */

/* Begin PBXResourcesBuildPhase section */
		6D0EEEAE2A49316E000248A7 /* Resources */ = {
			isa = PBXResourcesBuildPhase;
			buildActionMask = 2147483647;
			files = (
				6DE4BC782A4C8196007C7F56 /* DeleteAccViewController.xib in Resources */,
				6D0EEEC32A493172000248A7 /* LaunchScreen.storyboard in Resources */,
				6D9D934E2A49915F00AEA0F3 /* FogotPassViewController.xib in Resources */,
				6DDAAA0B2A56E0C000B3D27B /* TypePhoneCollectionViewCell.xib in Resources */,
				6D27C55D2A4B27CD00360C82 /* ProfileViewController.xib in Resources */,
				6DE4BC822A4C8D27007C7F56 /* NewOfferTableViewCell.xib in Resources */,
				6DD03A492A4BDF1D00DEA1E5 /* ProductVariantCollectionViewCell.xib in Resources */,
				6DD03A5C2A4C134900DEA1E5 /* SelectedTemplateViewController.xib in Resources */,
				6D51E2EE2A4C98C100CD53AE /* DiscounViewController.xib in Resources */,
				6DE4BC732A4C5BED007C7F56 /* ChangePassViewController.xib in Resources */,
				6DE4BC642A4C3738007C7F56 /* SettingBiwaViewController.xib in Resources */,
				6D0EEEC02A493172000248A7 /* Assets.xcassets in Resources */,
				6D0EEECE2A493204000248A7 /* LoginViewController.xib in Resources */,
				6DD03A612A4C157D00DEA1E5 /* EditorPhoneViewController.xib in Resources */,
				6DD03A4E2A4BF39A00DEA1E5 /* ChooseProductViewController.xib in Resources */,
				6D9D93482A497DBE00AEA0F3 /* RegisterViewController.xib in Resources */,
				6D51E2F32A4CA25800CD53AE /* DiscountTableViewCell.xib in Resources */,
				6DE4BC6E2A4C572A007C7F56 /* InfoShippingTableViewCell.xib in Resources */,
				6DD03A442A4BDA8100DEA1E5 /* ProductVariantViewController.xib in Resources */,
				6DDAAA072A56E0B100B3D27B /* SelectCollectionViewCell.xib in Resources */,
				6DD03A572A4C04E400DEA1E5 /* ChooseViewController.xib in Resources */,
				6D51E2F82A4CA88C00CD53AE /* AddressViewController.xib in Resources */,
				6D27C5672A4B286F00360C82 /* CartViewController.xib in Resources */,
				6DDAAA012A56DDA800B3D27B /* TemplateCollectionViewCell.xib in Resources */,
				6DE4BC692A4C5576007C7F56 /* InfoShippingViewController.xib in Resources */,
				6D9D93532A4ABD6D00AEA0F3 /* HomeViewController.xib in Resources */,
				6DE4BC7D2A4C8BB8007C7F56 /* NewFileViewController.xib in Resources */,
			);
			runOnlyForDeploymentPostprocessing = 0;
		};
/* End PBXResourcesBuildPhase section */

/* Begin PBXShellScriptBuildPhase section */
		115E6FF4958B6CAB58DE621F /* [CP] Embed Pods Frameworks */ = {
			isa = PBXShellScriptBuildPhase;
			buildActionMask = 2147483647;
			files = (
			);
			inputFileListPaths = (
				"${PODS_ROOT}/Target Support Files/Pods-BiwaAn/Pods-BiwaAn-frameworks-${CONFIGURATION}-input-files.xcfilelist",
			);
			name = "[CP] Embed Pods Frameworks";
			outputFileListPaths = (
				"${PODS_ROOT}/Target Support Files/Pods-BiwaAn/Pods-BiwaAn-frameworks-${CONFIGURATION}-output-files.xcfilelist",
			);
			runOnlyForDeploymentPostprocessing = 0;
			shellPath = /bin/sh;
			shellScript = "\"${PODS_ROOT}/Target Support Files/Pods-BiwaAn/Pods-BiwaAn-frameworks.sh\"\n";
			showEnvVarsInLog = 0;
		};
		C31A8D235E6098753A5F3EAD /* [CP] Check Pods Manifest.lock */ = {
			isa = PBXShellScriptBuildPhase;
			buildActionMask = 2147483647;
			files = (
			);
			inputFileListPaths = (
			);
			inputPaths = (
				"${PODS_PODFILE_DIR_PATH}/Podfile.lock",
				"${PODS_ROOT}/Manifest.lock",
			);
			name = "[CP] Check Pods Manifest.lock";
			outputFileListPaths = (
			);
			outputPaths = (
				"$(DERIVED_FILE_DIR)/Pods-BiwaAn-checkManifestLockResult.txt",
			);
			runOnlyForDeploymentPostprocessing = 0;
			shellPath = /bin/sh;
			shellScript = "diff \"${PODS_PODFILE_DIR_PATH}/Podfile.lock\" \"${PODS_ROOT}/Manifest.lock\" > /dev/null\nif [ $? != 0 ] ; then\n    # print error to STDERR\n    echo \"error: The sandbox is not in sync with the Podfile.lock. Run 'pod install' or update your CocoaPods installation.\" >&2\n    exit 1\nfi\n# This output is used by Xcode 'outputs' to avoid re-running this script phase.\necho \"SUCCESS\" > \"${SCRIPT_OUTPUT_FILE_0}\"\n";
			showEnvVarsInLog = 0;
		};
/* End PBXShellScriptBuildPhase section */

/* Begin PBXSourcesBuildPhase section */
		6D0EEEAC2A49316E000248A7 /* Sources */ = {
			isa = PBXSourcesBuildPhase;
			buildActionMask = 2147483647;
			files = (
				6D0EEEB82A49316E000248A7 /* ViewController.swift in Sources */,
				6D552BA12A497AEE0095BAF8 /* UIFontExtension.swift in Sources */,
				6DE4BC7C2A4C8BB8007C7F56 /* NewFileViewController.swift in Sources */,
				6D552B9E2A497AEE0095BAF8 /* UITapGestureRecognizer.swift in Sources */,
				6D9D934D2A49915F00AEA0F3 /* FogotPassViewController.swift in Sources */,
				6D552B962A497AEE0095BAF8 /* UINavigationExtension.swift in Sources */,
				6DDAAA0D2A56E3B300B3D27B /* HomeReponseModel.swift in Sources */,
				6DD03A432A4BDA8100DEA1E5 /* ProductVariantViewController.swift in Sources */,
				6D552B9F2A497AEE0095BAF8 /* NSMutableAttributedString.swift in Sources */,
				6D9D93522A4ABD6D00AEA0F3 /* HomeViewController.swift in Sources */,
				6DD03A4D2A4BF39A00DEA1E5 /* ChooseProductViewController.swift in Sources */,
				6D552B992A497AEE0095BAF8 /* UIViewExtension.swift in Sources */,
				6D552BA02A497AEE0095BAF8 /* UIButtonExtension.swift in Sources */,
				6DD03A5B2A4C134900DEA1E5 /* SelectedTemplateViewController.swift in Sources */,
				6D27C55C2A4B27CD00360C82 /* ProfileViewController.swift in Sources */,
				6D552B9C2A497AEE0095BAF8 /* TableViewExtension.swift in Sources */,
				6D552B982A497AEE0095BAF8 /* UIViewControllerExtension.swift in Sources */,
				6D9D93472A497DBE00AEA0F3 /* RegisterViewController.swift in Sources */,
				6D51E2ED2A4C98C100CD53AE /* DiscounViewController.swift in Sources */,
				6DE4BC682A4C5576007C7F56 /* InfoShippingViewController.swift in Sources */,
				6D552B9B2A497AEE0095BAF8 /* ViewProtocol.swift in Sources */,
				6D552B952A497AEE0095BAF8 /* StringExtension.swift in Sources */,
				6DE4BC812A4C8D27007C7F56 /* NewOfferTableViewCell.swift in Sources */,
				6D552B9D2A497AEE0095BAF8 /* UIStoryboardExtension.swift in Sources */,
				6DE4BC772A4C8196007C7F56 /* DeleteAccViewController.swift in Sources */,
				6D0EEEBE2A49316E000248A7 /* BiwaAn.xcdatamodeld in Sources */,
				6DE4BC6D2A4C572A007C7F56 /* InfoShippingTableViewCell.swift in Sources */,
				6DD03A602A4C157D00DEA1E5 /* EditorPhoneViewController.swift in Sources */,
				6D0EEEB42A49316E000248A7 /* AppDelegate.swift in Sources */,
				6D0EEECD2A493204000248A7 /* LoginViewController.swift in Sources */,
				6DD03A482A4BDF1D00DEA1E5 /* ProductVariantCollectionViewCell.swift in Sources */,
				6DDAAA002A56DDA800B3D27B /* TemplateCollectionViewCell.swift in Sources */,
				6DDAAA062A56E0B100B3D27B /* SelectCollectionViewCell.swift in Sources */,
				6D51E2F22A4CA25800CD53AE /* DiscountTableViewCell.swift in Sources */,
				6DDAA9F72A5680DF00B3D27B /* ConfigurationBase.swift in Sources */,
				6D0EEEB62A49316E000248A7 /* SceneDelegate.swift in Sources */,
				6DE4BC632A4C3738007C7F56 /* SettingBiwaViewController.swift in Sources */,
				6DD03A562A4C04E400DEA1E5 /* ChooseViewController.swift in Sources */,
				6D552B942A497AEE0095BAF8 /* UIImageExtension.swift in Sources */,
				6DE4BC722A4C5BED007C7F56 /* ChangePassViewController.swift in Sources */,
				6D27C5662A4B286F00360C82 /* CartViewController.swift in Sources */,
				6D552B972A497AEE0095BAF8 /* DropDown.swift in Sources */,
				6D552B9A2A497AEE0095BAF8 /* UIColorExtension.swift in Sources */,
				6DDAA9F52A5680D700B3D27B /* BaseAPI.swift in Sources */,
				6DDAAA0A2A56E0C000B3D27B /* TypePhoneCollectionViewCell.swift in Sources */,
				6D51E2F72A4CA88C00CD53AE /* AddressViewController.swift in Sources */,
				6D552BA22A497AEE0095BAF8 /* UIControlExtension.swift in Sources */,
			);
			runOnlyForDeploymentPostprocessing = 0;
		};
/* End PBXSourcesBuildPhase section */

/* Begin PBXVariantGroup section */
		6D0EEEC12A493172000248A7 /* LaunchScreen.storyboard */ = {
			isa = PBXVariantGroup;
			children = (
				6D0EEEC22A493172000248A7 /* Base */,
			);
			name = LaunchScreen.storyboard;
			sourceTree = "<group>";
		};
/* End PBXVariantGroup section */

/* Begin XCBuildConfiguration section */
		6D0EEEC52A493172000248A7 /* Debug */ = {
			isa = XCBuildConfiguration;
			buildSettings = {
				ALWAYS_SEARCH_USER_PATHS = NO;
				CLANG_ANALYZER_NONNULL = YES;
				CLANG_ANALYZER_NUMBER_OBJECT_CONVERSION = YES_AGGRESSIVE;
				CLANG_CXX_LANGUAGE_STANDARD = "gnu++17";
				CLANG_ENABLE_MODULES = YES;
				CLANG_ENABLE_OBJC_ARC = YES;
				CLANG_ENABLE_OBJC_WEAK = YES;
				CLANG_WARN_BLOCK_CAPTURE_AUTORELEASING = YES;
				CLANG_WARN_BOOL_CONVERSION = YES;
				CLANG_WARN_COMMA = YES;
				CLANG_WARN_CONSTANT_CONVERSION = YES;
				CLANG_WARN_DEPRECATED_OBJC_IMPLEMENTATIONS = YES;
				CLANG_WARN_DIRECT_OBJC_ISA_USAGE = YES_ERROR;
				CLANG_WARN_DOCUMENTATION_COMMENTS = YES;
				CLANG_WARN_EMPTY_BODY = YES;
				CLANG_WARN_ENUM_CONVERSION = YES;
				CLANG_WARN_INFINITE_RECURSION = YES;
				CLANG_WARN_INT_CONVERSION = YES;
				CLANG_WARN_NON_LITERAL_NULL_CONVERSION = YES;
				CLANG_WARN_OBJC_IMPLICIT_RETAIN_SELF = YES;
				CLANG_WARN_OBJC_LITERAL_CONVERSION = YES;
				CLANG_WARN_OBJC_ROOT_CLASS = YES_ERROR;
				CLANG_WARN_QUOTED_INCLUDE_IN_FRAMEWORK_HEADER = YES;
				CLANG_WARN_RANGE_LOOP_ANALYSIS = YES;
				CLANG_WARN_STRICT_PROTOTYPES = YES;
				CLANG_WARN_SUSPICIOUS_MOVE = YES;
				CLANG_WARN_UNGUARDED_AVAILABILITY = YES_AGGRESSIVE;
				CLANG_WARN_UNREACHABLE_CODE = YES;
				CLANG_WARN__DUPLICATE_METHOD_MATCH = YES;
				COPY_PHASE_STRIP = NO;
				DEBUG_INFORMATION_FORMAT = dwarf;
				ENABLE_STRICT_OBJC_MSGSEND = YES;
				ENABLE_TESTABILITY = YES;
				GCC_C_LANGUAGE_STANDARD = gnu11;
				GCC_DYNAMIC_NO_PIC = NO;
				GCC_NO_COMMON_BLOCKS = YES;
				GCC_OPTIMIZATION_LEVEL = 0;
				GCC_PREPROCESSOR_DEFINITIONS = (
					"DEBUG=1",
					"$(inherited)",
				);
				GCC_WARN_64_TO_32_BIT_CONVERSION = YES;
				GCC_WARN_ABOUT_RETURN_TYPE = YES_ERROR;
				GCC_WARN_UNDECLARED_SELECTOR = YES;
				GCC_WARN_UNINITIALIZED_AUTOS = YES_AGGRESSIVE;
				GCC_WARN_UNUSED_FUNCTION = YES;
				GCC_WARN_UNUSED_VARIABLE = YES;
				IPHONEOS_DEPLOYMENT_TARGET = 15.5;
				MTL_ENABLE_DEBUG_INFO = INCLUDE_SOURCE;
				MTL_FAST_MATH = YES;
				ONLY_ACTIVE_ARCH = YES;
				SDKROOT = iphoneos;
				SWIFT_ACTIVE_COMPILATION_CONDITIONS = DEBUG;
				SWIFT_OPTIMIZATION_LEVEL = "-Onone";
			};
			name = Debug;
		};
		6D0EEEC62A493172000248A7 /* Release */ = {
			isa = XCBuildConfiguration;
			buildSettings = {
				ALWAYS_SEARCH_USER_PATHS = NO;
				CLANG_ANALYZER_NONNULL = YES;
				CLANG_ANALYZER_NUMBER_OBJECT_CONVERSION = YES_AGGRESSIVE;
				CLANG_CXX_LANGUAGE_STANDARD = "gnu++17";
				CLANG_ENABLE_MODULES = YES;
				CLANG_ENABLE_OBJC_ARC = YES;
				CLANG_ENABLE_OBJC_WEAK = YES;
				CLANG_WARN_BLOCK_CAPTURE_AUTORELEASING = YES;
				CLANG_WARN_BOOL_CONVERSION = YES;
				CLANG_WARN_COMMA = YES;
				CLANG_WARN_CONSTANT_CONVERSION = YES;
				CLANG_WARN_DEPRECATED_OBJC_IMPLEMENTATIONS = YES;
				CLANG_WARN_DIRECT_OBJC_ISA_USAGE = YES_ERROR;
				CLANG_WARN_DOCUMENTATION_COMMENTS = YES;
				CLANG_WARN_EMPTY_BODY = YES;
				CLANG_WARN_ENUM_CONVERSION = YES;
				CLANG_WARN_INFINITE_RECURSION = YES;
				CLANG_WARN_INT_CONVERSION = YES;
				CLANG_WARN_NON_LITERAL_NULL_CONVERSION = YES;
				CLANG_WARN_OBJC_IMPLICIT_RETAIN_SELF = YES;
				CLANG_WARN_OBJC_LITERAL_CONVERSION = YES;
				CLANG_WARN_OBJC_ROOT_CLASS = YES_ERROR;
				CLANG_WARN_QUOTED_INCLUDE_IN_FRAMEWORK_HEADER = YES;
				CLANG_WARN_RANGE_LOOP_ANALYSIS = YES;
				CLANG_WARN_STRICT_PROTOTYPES = YES;
				CLANG_WARN_SUSPICIOUS_MOVE = YES;
				CLANG_WARN_UNGUARDED_AVAILABILITY = YES_AGGRESSIVE;
				CLANG_WARN_UNREACHABLE_CODE = YES;
				CLANG_WARN__DUPLICATE_METHOD_MATCH = YES;
				COPY_PHASE_STRIP = NO;
				DEBUG_INFORMATION_FORMAT = "dwarf-with-dsym";
				ENABLE_NS_ASSERTIONS = NO;
				ENABLE_STRICT_OBJC_MSGSEND = YES;
				GCC_C_LANGUAGE_STANDARD = gnu11;
				GCC_NO_COMMON_BLOCKS = YES;
				GCC_WARN_64_TO_32_BIT_CONVERSION = YES;
				GCC_WARN_ABOUT_RETURN_TYPE = YES_ERROR;
				GCC_WARN_UNDECLARED_SELECTOR = YES;
				GCC_WARN_UNINITIALIZED_AUTOS = YES_AGGRESSIVE;
				GCC_WARN_UNUSED_FUNCTION = YES;
				GCC_WARN_UNUSED_VARIABLE = YES;
				IPHONEOS_DEPLOYMENT_TARGET = 15.5;
				MTL_ENABLE_DEBUG_INFO = NO;
				MTL_FAST_MATH = YES;
				SDKROOT = iphoneos;
				SWIFT_COMPILATION_MODE = wholemodule;
				SWIFT_OPTIMIZATION_LEVEL = "-O";
				VALIDATE_PRODUCT = YES;
			};
			name = Release;
		};
		6D0EEEC82A493172000248A7 /* Debug */ = {
			isa = XCBuildConfiguration;
			baseConfigurationReference = 8FD12B8F575F22F33CEC8A44 /* Pods-BiwaAn.debug.xcconfig */;
			buildSettings = {
				ASSETCATALOG_COMPILER_APPICON_NAME = AppIcon;
				ASSETCATALOG_COMPILER_GLOBAL_ACCENT_COLOR_NAME = AccentColor;
				CODE_SIGN_STYLE = Automatic;
				CURRENT_PROJECT_VERSION = 1;
				DEVELOPMENT_TEAM = ZL94WRTV6R;
				GENERATE_INFOPLIST_FILE = YES;
				INFOPLIST_FILE = BiwaAn/Info.plist;
				INFOPLIST_KEY_UIApplicationSupportsIndirectInputEvents = YES;
				INFOPLIST_KEY_UILaunchStoryboardName = LaunchScreen;
				INFOPLIST_KEY_UIMainStoryboardFile = "";
				INFOPLIST_KEY_UISupportedInterfaceOrientations_iPad = "UIInterfaceOrientationPortrait UIInterfaceOrientationPortraitUpsideDown UIInterfaceOrientationLandscapeLeft UIInterfaceOrientationLandscapeRight";
				INFOPLIST_KEY_UISupportedInterfaceOrientations_iPhone = "UIInterfaceOrientationPortrait UIInterfaceOrientationLandscapeLeft UIInterfaceOrientationLandscapeRight";
				LD_RUNPATH_SEARCH_PATHS = (
					"$(inherited)",
					"@executable_path/Frameworks",
				);
				MARKETING_VERSION = 1.0;
				PRODUCT_BUNDLE_IDENTIFIER = com.qalatt.carwash.BiwaAn;
				PRODUCT_NAME = "$(TARGET_NAME)";
				SWIFT_EMIT_LOC_STRINGS = YES;
				SWIFT_VERSION = 5.0;
				TARGETED_DEVICE_FAMILY = "1,2";
			};
			name = Debug;
		};
		6D0EEEC92A493172000248A7 /* Release */ = {
			isa = XCBuildConfiguration;
			baseConfigurationReference = 1E645A2A6AC6070EB35FCB4D /* Pods-BiwaAn.release.xcconfig */;
			buildSettings = {
				ASSETCATALOG_COMPILER_APPICON_NAME = AppIcon;
				ASSETCATALOG_COMPILER_GLOBAL_ACCENT_COLOR_NAME = AccentColor;
				CODE_SIGN_STYLE = Automatic;
				CURRENT_PROJECT_VERSION = 1;
				DEVELOPMENT_TEAM = ZL94WRTV6R;
				GENERATE_INFOPLIST_FILE = YES;
				INFOPLIST_FILE = BiwaAn/Info.plist;
				INFOPLIST_KEY_UIApplicationSupportsIndirectInputEvents = YES;
				INFOPLIST_KEY_UILaunchStoryboardName = LaunchScreen;
				INFOPLIST_KEY_UIMainStoryboardFile = "";
				INFOPLIST_KEY_UISupportedInterfaceOrientations_iPad = "UIInterfaceOrientationPortrait UIInterfaceOrientationPortraitUpsideDown UIInterfaceOrientationLandscapeLeft UIInterfaceOrientationLandscapeRight";
				INFOPLIST_KEY_UISupportedInterfaceOrientations_iPhone = "UIInterfaceOrientationPortrait UIInterfaceOrientationLandscapeLeft UIInterfaceOrientationLandscapeRight";
				LD_RUNPATH_SEARCH_PATHS = (
					"$(inherited)",
					"@executable_path/Frameworks",
				);
				MARKETING_VERSION = 1.0;
				PRODUCT_BUNDLE_IDENTIFIER = com.qalatt.carwash.BiwaAn;
				PRODUCT_NAME = "$(TARGET_NAME)";
				SWIFT_EMIT_LOC_STRINGS = YES;
				SWIFT_VERSION = 5.0;
				TARGETED_DEVICE_FAMILY = "1,2";
			};
			name = Release;
		};
/* End XCBuildConfiguration section */

/* Begin XCConfigurationList section */
		6D0EEEAB2A49316E000248A7 /* Build configuration list for PBXProject "BiwaAn" */ = {
			isa = XCConfigurationList;
			buildConfigurations = (
				6D0EEEC52A493172000248A7 /* Debug */,
				6D0EEEC62A493172000248A7 /* Release */,
			);
			defaultConfigurationIsVisible = 0;
			defaultConfigurationName = Release;
		};
		6D0EEEC72A493172000248A7 /* Build configuration list for PBXNativeTarget "BiwaAn" */ = {
			isa = XCConfigurationList;
			buildConfigurations = (
				6D0EEEC82A493172000248A7 /* Debug */,
				6D0EEEC92A493172000248A7 /* Release */,
			);
			defaultConfigurationIsVisible = 0;
			defaultConfigurationName = Release;
		};
/* End XCConfigurationList section */

/* Begin XCVersionGroup section */
		6D0EEEBC2A49316E000248A7 /* BiwaAn.xcdatamodeld */ = {
			isa = XCVersionGroup;
			children = (
				6D0EEEBD2A49316E000248A7 /* BiwaAn.xcdatamodel */,
			);
			currentVersion = 6D0EEEBD2A49316E000248A7 /* BiwaAn.xcdatamodel */;
			path = BiwaAn.xcdatamodeld;
			sourceTree = "<group>";
			versionGroupType = wrapper.xcdatamodel;
		};
/* End XCVersionGroup section */
	};
	rootObject = 6D0EEEA82A49316E000248A7 /* Project object */;
}
